
Microsoft Visual Studio Solution File, Format Version 12.00
# Visual Studio 15
VisualStudioVersion = 15.0.27428.1
MinimumVisualStudioVersion = 10.0.40219.1
Project("{FAE04EC0-301F-11D3-BF4B-00C04F79EFBC}") = "GlassRecipeAssistant", "GlassRecipeAssistant\GlassRecipeAssistant.csproj", "{4EA6E206-F7AC-48AF-A271-410219768340}"
EndProject
Project("{54435603-DBB4-11D2-8724-00A0C9A8B90C}") = "Setup201806051339", "Setup201806051339\Setup201806051339.vdproj", "{69351A1D-910F-4127-95C9-EB3CF0EE89F9}"
EndProject
Project("{54435603-DBB4-11D2-8724-00A0C9A8B90C}") = "Setup201806061034", "Setup201806061034\Setup201806061034.vdproj", "{5DD58207-6904-43A4-BE1D-5FA24C98A3CD}"
EndProject
Project("{54435603-DBB4-11D2-8724-00A0C9A8B90C}") = "Setup201806061125", "Setup201806061125\Setup201806061125.vdproj", "{96416FA3-F7B8-43F2-AFAD-212C6EF76D9D}"
EndProject
Project("{54435603-DBB4-11D2-8724-00A0C9A8B90C}") = "Setup201806301154", "Setup201806301154\Setup201806301154.vdproj", "{6E8DFF7A-1DE8-4AFB-95C2-938E1EA65DCB}"
EndProject
Project("{FAE04EC0-301F-11D3-BF4B-00C04F79EFBC}") = "GlassRecipeAssistantTest", "GlassRecipeAssistantTest\GlassRecipeAssistantTest.csproj", "{F65EF4AF-5DB1-470C-9632-F6F9E8DF935E}"
EndProject
Project("{54435603-DBB4-11D2-8724-00A0C9A8B90C}") = "Setup201809231025", "Setup201809231025\Setup201809231025.vdproj", "{E5640913-12EE-479B-BB62-64597A1C52D2}"
EndProject
Project("{54435603-DBB4-11D2-8724-00A0C9A8B90C}") = "Setup201809231048", "Setup201809231048\Setup201809231048.vdproj", "{54197116-22C5-47D2-AF83-815DB26E5B1E}"
EndProject
Project("{54435603-DBB4-11D2-8724-00A0C9A8B90C}") = "Setup201809231115", "Setup201809231115\Setup201809231115.vdproj", "{B80D76ED-673E-491A-9FBD-BB7BAE9A2DA1}"
EndProject
Project("{54435603-DBB4-11D2-8724-00A0C9A8B90C}") = "Setup201809251947", "Setup201809251947\Setup201809251947.vdproj", "{868DBBEB-7E1C-4766-8DB7-C4948EC97DA2}"
EndProject
Project("{54435603-DBB4-11D2-8724-00A0C9A8B90C}") = "Setup201809252016", "Setup201809252016\Setup201809252016.vdproj", "{344096C0-9AF8-462C-A031-560CBDB0E963}"
EndProject
Project("{54435603-DBB4-11D2-8724-00A0C9A8B90C}") = "Setup201810041239", "Setup201810041239\Setup201810041239.vdproj", "{34F8DF6F-FB31-47CC-A97B-DC65E466955A}"
EndProject
Project("{54435603-DBB4-11D2-8724-00A0C9A8B90C}") = "Setup201810041320", "Setup201810041320\Setup201810041320.vdproj", "{A7084A38-BC61-41DA-A068-4A8EC0E50BDE}"
EndProject
Project("{54435603-DBB4-11D2-8724-00A0C9A8B90C}") = "Setup201810051632", "Setup201810051632\Setup201810051632.vdproj", "{253876CB-1145-495E-845A-83C611932E32}"
EndProject
Project("{54435603-DBB4-11D2-8724-00A0C9A8B90C}") = "Setup201810061542", "Setup201810061542\Setup201810061542.vdproj", "{8C2E3AE5-3018-4CF9-9E7A-4DF668352515}"
EndProject
Global
	GlobalSection(SolutionConfigurationPlatforms) = preSolution
		Debug|Any CPU = Debug|Any CPU
		Debug|x64 = Debug|x64
		Debug|x86 = Debug|x86
		Release|Any CPU = Release|Any CPU
		Release|x64 = Release|x64
		Release|x86 = Release|x86
	EndGlobalSection
	GlobalSection(ProjectConfigurationPlatforms) = postSolution
		{4EA6E206-F7AC-48AF-A271-410219768340}.Debug|Any CPU.ActiveCfg = Debug|Any CPU
		{4EA6E206-F7AC-48AF-A271-410219768340}.Debug|Any CPU.Build.0 = Debug|Any CPU
		{4EA6E206-F7AC-48AF-A271-410219768340}.Debug|x64.ActiveCfg = Debug|x64
		{4EA6E206-F7AC-48AF-A271-410219768340}.Debug|x64.Build.0 = Debug|x64
		{4EA6E206-F7AC-48AF-A271-410219768340}.Debug|x86.ActiveCfg = Debug|x86
		{4EA6E206-F7AC-48AF-A271-410219768340}.Debug|x86.Build.0 = Debug|x86
		{4EA6E206-F7AC-48AF-A271-410219768340}.Release|Any CPU.ActiveCfg = Release|Any CPU
		{4EA6E206-F7AC-48AF-A271-410219768340}.Release|Any CPU.Build.0 = Release|Any CPU
		{4EA6E206-F7AC-48AF-A271-410219768340}.Release|x64.ActiveCfg = Release|x64
		{4EA6E206-F7AC-48AF-A271-410219768340}.Release|x64.Build.0 = Release|x64
		{4EA6E206-F7AC-48AF-A271-410219768340}.Release|x86.ActiveCfg = Release|x86
		{4EA6E206-F7AC-48AF-A271-410219768340}.Release|x86.Build.0 = Release|x86
		{69351A1D-910F-4127-95C9-EB3CF0EE89F9}.Debug|Any CPU.ActiveCfg = Debug
		{69351A1D-910F-4127-95C9-EB3CF0EE89F9}.Debug|x64.ActiveCfg = Debug
		{69351A1D-910F-4127-95C9-EB3CF0EE89F9}.Debug|x64.Build.0 = Debug
		{69351A1D-910F-4127-95C9-EB3CF0EE89F9}.Debug|x86.ActiveCfg = Debug
		{69351A1D-910F-4127-95C9-EB3CF0EE89F9}.Debug|x86.Build.0 = Debug
		{69351A1D-910F-4127-95C9-EB3CF0EE89F9}.Release|Any CPU.ActiveCfg = Release
		{69351A1D-910F-4127-95C9-EB3CF0EE89F9}.Release|x64.ActiveCfg = Release
		{69351A1D-910F-4127-95C9-EB3CF0EE89F9}.Release|x64.Build.0 = Release
		{69351A1D-910F-4127-95C9-EB3CF0EE89F9}.Release|x86.ActiveCfg = Release
		{69351A1D-910F-4127-95C9-EB3CF0EE89F9}.Release|x86.Build.0 = Release
		{5DD58207-6904-43A4-BE1D-5FA24C98A3CD}.Debug|Any CPU.ActiveCfg = Debug
		{5DD58207-6904-43A4-BE1D-5FA24C98A3CD}.Debug|x64.ActiveCfg = Debug
		{5DD58207-6904-43A4-BE1D-5FA24C98A3CD}.Debug|x64.Build.0 = Debug
		{5DD58207-6904-43A4-BE1D-5FA24C98A3CD}.Debug|x86.ActiveCfg = Debug
		{5DD58207-6904-43A4-BE1D-5FA24C98A3CD}.Debug|x86.Build.0 = Debug
		{5DD58207-6904-43A4-BE1D-5FA24C98A3CD}.Release|Any CPU.ActiveCfg = Release
		{5DD58207-6904-43A4-BE1D-5FA24C98A3CD}.Release|x64.ActiveCfg = Release
		{5DD58207-6904-43A4-BE1D-5FA24C98A3CD}.Release|x64.Build.0 = Release
		{5DD58207-6904-43A4-BE1D-5FA24C98A3CD}.Release|x86.ActiveCfg = Release
		{5DD58207-6904-43A4-BE1D-5FA24C98A3CD}.Release|x86.Build.0 = Release
		{96416FA3-F7B8-43F2-AFAD-212C6EF76D9D}.Debug|Any CPU.ActiveCfg = Debug
		{96416FA3-F7B8-43F2-AFAD-212C6EF76D9D}.Debug|x64.ActiveCfg = Debug
		{96416FA3-F7B8-43F2-AFAD-212C6EF76D9D}.Debug|x64.Build.0 = Debug
		{96416FA3-F7B8-43F2-AFAD-212C6EF76D9D}.Debug|x86.ActiveCfg = Debug
		{96416FA3-F7B8-43F2-AFAD-212C6EF76D9D}.Debug|x86.Build.0 = Debug
		{96416FA3-F7B8-43F2-AFAD-212C6EF76D9D}.Release|Any CPU.ActiveCfg = Release
		{96416FA3-F7B8-43F2-AFAD-212C6EF76D9D}.Release|x64.ActiveCfg = Release
		{96416FA3-F7B8-43F2-AFAD-212C6EF76D9D}.Release|x64.Build.0 = Release
		{96416FA3-F7B8-43F2-AFAD-212C6EF76D9D}.Release|x86.ActiveCfg = Release
		{96416FA3-F7B8-43F2-AFAD-212C6EF76D9D}.Release|x86.Build.0 = Release
		{6E8DFF7A-1DE8-4AFB-95C2-938E1EA65DCB}.Debug|Any CPU.ActiveCfg = Debug
		{6E8DFF7A-1DE8-4AFB-95C2-938E1EA65DCB}.Debug|x64.ActiveCfg = Debug
		{6E8DFF7A-1DE8-4AFB-95C2-938E1EA65DCB}.Debug|x86.ActiveCfg = Debug
		{6E8DFF7A-1DE8-4AFB-95C2-938E1EA65DCB}.Release|Any CPU.ActiveCfg = Release
		{6E8DFF7A-1DE8-4AFB-95C2-938E1EA65DCB}.Release|x64.ActiveCfg = Release
		{6E8DFF7A-1DE8-4AFB-95C2-938E1EA65DCB}.Release|x86.ActiveCfg = Release
		{F65EF4AF-5DB1-470C-9632-F6F9E8DF935E}.Debug|Any CPU.ActiveCfg = Debug|Any CPU
		{F65EF4AF-5DB1-470C-9632-F6F9E8DF935E}.Debug|Any CPU.Build.0 = Debug|Any CPU
		{F65EF4AF-5DB1-470C-9632-F6F9E8DF935E}.Debug|x64.ActiveCfg = Debug|Any CPU
		{F65EF4AF-5DB1-470C-9632-F6F9E8DF935E}.Debug|x64.Build.0 = Debug|Any CPU
		{F65EF4AF-5DB1-470C-9632-F6F9E8DF935E}.Debug|x86.ActiveCfg = Debug|Any CPU
		{F65EF4AF-5DB1-470C-9632-F6F9E8DF935E}.Debug|x86.Build.0 = Debug|Any CPU
		{F65EF4AF-5DB1-470C-9632-F6F9E8DF935E}.Release|Any CPU.ActiveCfg = Release|Any CPU
		{F65EF4AF-5DB1-470C-9632-F6F9E8DF935E}.Release|Any CPU.Build.0 = Release|Any CPU
		{F65EF4AF-5DB1-470C-9632-F6F9E8DF935E}.Release|x64.ActiveCfg = Release|Any CPU
		{F65EF4AF-5DB1-470C-9632-F6F9E8DF935E}.Release|x64.Build.0 = Release|Any CPU
		{F65EF4AF-5DB1-470C-9632-F6F9E8DF935E}.Release|x86.ActiveCfg = Release|Any CPU
		{F65EF4AF-5DB1-470C-9632-F6F9E8DF935E}.Release|x86.Build.0 = Release|Any CPU
		{E5640913-12EE-479B-BB62-64597A1C52D2}.Debug|Any CPU.ActiveCfg = Debug
		{E5640913-12EE-479B-BB62-64597A1C52D2}.Debug|x64.ActiveCfg = Debug
		{E5640913-12EE-479B-BB62-64597A1C52D2}.Debug|x86.ActiveCfg = Debug
		{E5640913-12EE-479B-BB62-64597A1C52D2}.Release|Any CPU.ActiveCfg = Release
		{E5640913-12EE-479B-BB62-64597A1C52D2}.Release|x64.ActiveCfg = Release
		{E5640913-12EE-479B-BB62-64597A1C52D2}.Release|x86.ActiveCfg = Release
		{54197116-22C5-47D2-AF83-815DB26E5B1E}.Debug|Any CPU.ActiveCfg = Debug
		{54197116-22C5-47D2-AF83-815DB26E5B1E}.Debug|x64.ActiveCfg = Debug
		{54197116-22C5-47D2-AF83-815DB26E5B1E}.Debug|x86.ActiveCfg = Debug
		{54197116-22C5-47D2-AF83-815DB26E5B1E}.Release|Any CPU.ActiveCfg = Release
		{54197116-22C5-47D2-AF83-815DB26E5B1E}.Release|x64.ActiveCfg = Release
		{54197116-22C5-47D2-AF83-815DB26E5B1E}.Release|x86.ActiveCfg = Release
		{B80D76ED-673E-491A-9FBD-BB7BAE9A2DA1}.Debug|Any CPU.ActiveCfg = Debug
		{B80D76ED-673E-491A-9FBD-BB7BAE9A2DA1}.Debug|x64.ActiveCfg = Debug
		{B80D76ED-673E-491A-9FBD-BB7BAE9A2DA1}.Debug|x86.ActiveCfg = Debug
		{B80D76ED-673E-491A-9FBD-BB7BAE9A2DA1}.Release|Any CPU.ActiveCfg = Release
		{B80D76ED-673E-491A-9FBD-BB7BAE9A2DA1}.Release|x64.ActiveCfg = Release
		{B80D76ED-673E-491A-9FBD-BB7BAE9A2DA1}.Release|x86.ActiveCfg = Release
		{868DBBEB-7E1C-4766-8DB7-C4948EC97DA2}.Debug|Any CPU.ActiveCfg = Debug
		{868DBBEB-7E1C-4766-8DB7-C4948EC97DA2}.Debug|x64.ActiveCfg = Debug
		{868DBBEB-7E1C-4766-8DB7-C4948EC97DA2}.Debug|x86.ActiveCfg = Debug
		{868DBBEB-7E1C-4766-8DB7-C4948EC97DA2}.Release|Any CPU.ActiveCfg = Release
		{868DBBEB-7E1C-4766-8DB7-C4948EC97DA2}.Release|x64.ActiveCfg = Release
		{868DBBEB-7E1C-4766-8DB7-C4948EC97DA2}.Release|x86.ActiveCfg = Release
		{344096C0-9AF8-462C-A031-560CBDB0E963}.Debug|Any CPU.ActiveCfg = Debug
		{344096C0-9AF8-462C-A031-560CBDB0E963}.Debug|x64.ActiveCfg = Debug
		{344096C0-9AF8-462C-A031-560CBDB0E963}.Debug|x86.ActiveCfg = Debug
		{344096C0-9AF8-462C-A031-560CBDB0E963}.Release|Any CPU.ActiveCfg = Release
		{344096C0-9AF8-462C-A031-560CBDB0E963}.Release|x64.ActiveCfg = Release
		{344096C0-9AF8-462C-A031-560CBDB0E963}.Release|x86.ActiveCfg = Release
		{34F8DF6F-FB31-47CC-A97B-DC65E466955A}.Debug|Any CPU.ActiveCfg = Debug
		{34F8DF6F-FB31-47CC-A97B-DC65E466955A}.Debug|x64.ActiveCfg = Debug
		{34F8DF6F-FB31-47CC-A97B-DC65E466955A}.Debug|x86.ActiveCfg = Debug
		{34F8DF6F-FB31-47CC-A97B-DC65E466955A}.Release|Any CPU.ActiveCfg = Release
		{34F8DF6F-FB31-47CC-A97B-DC65E466955A}.Release|x64.ActiveCfg = Release
		{34F8DF6F-FB31-47CC-A97B-DC65E466955A}.Release|x86.ActiveCfg = Release
		{A7084A38-BC61-41DA-A068-4A8EC0E50BDE}.Debug|Any CPU.ActiveCfg = Debug
		{A7084A38-BC61-41DA-A068-4A8EC0E50BDE}.Debug|x64.ActiveCfg = Debug
		{A7084A38-BC61-41DA-A068-4A8EC0E50BDE}.Debug|x86.ActiveCfg = Debug
		{A7084A38-BC61-41DA-A068-4A8EC0E50BDE}.Release|Any CPU.ActiveCfg = Release
		{A7084A38-BC61-41DA-A068-4A8EC0E50BDE}.Release|x64.ActiveCfg = Release
		{A7084A38-BC61-41DA-A068-4A8EC0E50BDE}.Release|x86.ActiveCfg = Release
		{253876CB-1145-495E-845A-83C611932E32}.Debug|Any CPU.ActiveCfg = Debug
		{253876CB-1145-495E-845A-83C611932E32}.Debug|x64.ActiveCfg = Debug
		{253876CB-1145-495E-845A-83C611932E32}.Debug|x86.ActiveCfg = Debug
		{253876CB-1145-495E-845A-83C611932E32}.Release|Any CPU.ActiveCfg = Release
		{253876CB-1145-495E-845A-83C611932E32}.Release|x64.ActiveCfg = Release
		{253876CB-1145-495E-845A-83C611932E32}.Release|x86.ActiveCfg = Release
		{8C2E3AE5-3018-4CF9-9E7A-4DF668352515}.Debug|Any CPU.ActiveCfg = Debug
		{8C2E3AE5-3018-4CF9-9E7A-4DF668352515}.Debug|x64.ActiveCfg = Debug
		{8C2E3AE5-3018-4CF9-9E7A-4DF668352515}.Debug|x86.ActiveCfg = Debug
		{8C2E3AE5-3018-4CF9-9E7A-4DF668352515}.Release|Any CPU.ActiveCfg = Release
		{8C2E3AE5-3018-4CF9-9E7A-4DF668352515}.Release|x64.ActiveCfg = Release
		{8C2E3AE5-3018-4CF9-9E7A-4DF668352515}.Release|x86.ActiveCfg = Release
	EndGlobalSection
	GlobalSection(SolutionProperties) = preSolution
		HideSolutionNode = FALSE
	EndGlobalSection
	GlobalSection(ExtensibilityGlobals) = postSolution
		SolutionGuid = {EB9565C1-D1CC-4785-A68C-75C37320B76A}
	EndGlobalSection
EndGlobal
